
Microsoft Visual Studio Solution File, Format Version 12.00
# Visual Studio Version 17
VisualStudioVersion = 17.14.36705.20 d17.14
MinimumVisualStudioVersion = 10.0.40219.1
Project("{FAE04EC0-301F-11D3-BF4B-00C04F79EFBC}") = "true stuff", "true stuff\true stuff.csproj", "{E2ED515F-F6C0-45A6-B8DB-EC3F500EFA01}"
EndProject
Global
	GlobalSection(SolutionConfigurationPlatforms) = preSolution
		Debug|Any CPU = Debug|Any CPU
		Release|Any CPU = Release|Any CPU
	EndGlobalSection
	GlobalSection(ProjectConfigurationPlatforms) = postSolution
		{E2ED515F-F6C0-45A6-B8DB-EC3F500EFA01}.Debug|Any CPU.ActiveCfg = Debug|Any CPU
		{E2ED515F-F6C0-45A6-B8DB-EC3F500EFA01}.Debug|Any CPU.Build.0 = Debug|Any CPU
		{E2ED515F-F6C0-45A6-B8DB-EC3F500EFA01}.Release|Any CPU.ActiveCfg = Release|Any CPU
		{E2ED515F-F6C0-45A6-B8DB-EC3F500EFA01}.Release|Any CPU.Build.0 = Release|Any CPU
	EndGlobalSection
	GlobalSection(SolutionProperties) = preSolution
		HideSolutionNode = FALSE
	EndGlobalSection
	GlobalSection(ExtensibilityGlobals) = postSolution
		SolutionGuid = {88FBFB6C-9C98-402A-805C-11A4591E6B30}
	EndGlobalSection
EndGlobal
